lockfileVersion: '9.0'

settings:
  autoInstallPeers: true
  excludeLinksFromLockfile: false

importers:

  .:
    dependencies:
      '@ahqstore/cli-rs-darwin-arm64':
        specifier: 0.2.6
        version: 0.2.6
      '@ahqstore/cli-rs-darwin-x64':
        specifier: 0.2.6
        version: 0.2.6
      '@ahqstore/cli-rs-linux-arm64':
        specifier: 0.2.6
        version: 0.2.6
      '@ahqstore/cli-rs-linux-x64':
        specifier: 0.2.6
        version: 0.2.6
      '@ahqstore/cli-rs-win32-x64':
        specifier: 0.2.6
        version: 0.2.6
      chalk:
        specifier: ^5.3.0
        version: 5.3.0

packages:

  '@ahqstore/cli-rs-darwin-arm64@0.2.6':
    resolution: {integrity: sha512-1/936WOV2rzUYDJXGAZfp5WvAxITI3GrFHMfjZi6H6rPysspre1A8yFzmOlNsmnN2Qp4EMosOkUA5b5mBpTViA==}

  '@ahqstore/cli-rs-darwin-x64@0.2.6':
    resolution: {integrity: sha512-Ge1GomK4I1Yim8EznguvW9sqTXO8XbUdrxtVF9U/gyVMN7ndL85SYlXm6+7/nM1vfa/k4rJfo3m/qf9SIxJXzg==}

  '@ahqstore/cli-rs-linux-arm64@0.2.6':
    resolution: {integrity: sha512-KQwkzGm2roqR90HgvbSfO4xaigchsNq8XlNngljq1Q+RGxTrVOsCuIyUwX97lSnsyr/YoPCm2Cncq0QHZ8Q/fQ==}

  '@ahqstore/cli-rs-linux-x64@0.2.6':
    resolution: {integrity: sha512-9au88/XJ9trADFBn+ufbSUIWlSMc2hkFThuTP6Q6gIreOSNc2B/Ap1HnO9eRUB+jt/pT1Z/AJYkr6T+AL9rN0g==}

  '@ahqstore/cli-rs-win32-x64@0.2.6':
    resolution: {integrity: sha512-P3ghK9UalX7Aw+sCWiJ3PCwIiij0IinI+jVHrpm+c5fEgapu9aQAxBtJsEanbAosoze8YQaKMrrRZZ+kyYDaTg==}

  chalk@5.3.0:
    resolution: {integrity: sha512-dLitG79d+GV1Nb/VYcCDFivJeK1hiukt9QjRNVOsUtTy1rR1YJsmpGGTZ3qJos+uw7WmWF4wUwBd9jxjocFC2w==}
    engines: {node: ^12.17.0 || ^14.13 || >=16.0.0}

snapshots:

  '@ahqstore/cli-rs-darwin-arm64@0.2.6': {}

  '@ahqstore/cli-rs-darwin-x64@0.2.6': {}

  '@ahqstore/cli-rs-linux-arm64@0.2.6': {}

  '@ahqstore/cli-rs-linux-x64@0.2.6': {}

  '@ahqstore/cli-rs-win32-x64@0.2.6': {}

  chalk@5.3.0: {}
