lockfileVersion: '6.0'

settings:
  autoInstallPeers: true
  excludeLinksFromLockfile: false

dependencies:
  '@ahqstore/cli-rs-darwin-arm64':
    specifier: 0.1.3
    version: 0.1.3
  '@ahqstore/cli-rs-darwin-x64':
    specifier: 0.1.3
    version: 0.1.3
  '@ahqstore/cli-rs-linux-arm64':
    specifier: 0.1.3
    version: 0.1.3
  '@ahqstore/cli-rs-linux-x64':
    specifier: 0.1.3
    version: 0.1.3
  '@ahqstore/cli-rs-win32-x64':
    specifier: 0.1.3
    version: 0.1.3
  chalk:
    specifier: ^5.3.0
    version: 5.3.0

packages:

  /@ahqstore/cli-rs-darwin-arm64@0.1.3:
    resolution: {integrity: sha512-Cw4+rnXzYZHogmUZW65wTqRoQ5DVdCkMOsaNKO7cfHOS0pvo2tVNBjXmgEYmyeFFLUUNj4eOvUVi06/i4xg8iw==}
    dev: false

  /@ahqstore/cli-rs-darwin-x64@0.1.3:
    resolution: {integrity: sha512-fGdMyFQoMJVKg2gTOZtrY+O6WYSNoiPtJwkJYwvOBPWnkkyCvyRePtew7EI4OJGZGvKR2Z4fcXNoPn6Ds5kxrg==}
    dev: false

  /@ahqstore/cli-rs-linux-arm64@0.1.3:
    resolution: {integrity: sha512-hb4tzMwm4QjjWKqpPqXTpy0mlblu8Ic1PMLjwOcZANiWX2ug5jotO3FZ9dU4QBaP7oEFRMPui2dhZLslFznQQw==}
    dev: false

  /@ahqstore/cli-rs-linux-x64@0.1.3:
    resolution: {integrity: sha512-N0s0ZNsXvAYdtptnbfP5wvkcGmeVXL20E53k7dDlxe7DnwfoT9jGtLZQ5dVhQzY47SapssmoED9ouOUUjkw9Fg==}
    dev: false

  /@ahqstore/cli-rs-win32-x64@0.1.3:
    resolution: {integrity: sha512-adA7+QlaenG7k2o9z7NQ2RjU7QWKCIB2y8oYvwK9ni+HD8JNffu1KxNz6F8hqLOSQasL0sokoV4kfdmhJbXDDA==}
    dev: false

  /chalk@5.3.0:
    resolution: {integrity: sha512-dLitG79d+GV1Nb/VYcCDFivJeK1hiukt9QjRNVOsUtTy1rR1YJsmpGGTZ3qJos+uw7WmWF4wUwBd9jxjocFC2w==}
    engines: {node: ^12.17.0 || ^14.13 || >=16.0.0}
    dev: false
